
Microsoft Visual Studio Solution File, Format Version 12.00
# Visual Studio Version 17
VisualStudioVersion = 17.5.33530.505
MinimumVisualStudioVersion = 10.0.40219.1
Project("{9A19103F-16F7-4668-BE54-9A1E7A4F7556}") = "API", "BusquedaAutos\API.csproj", "{5EFEE7FA-32AA-4795-9A22-2D60E3D402A9}"
EndProject
Project("{9A19103F-16F7-4668-BE54-9A1E7A4F7556}") = "Application", "Application\Application.csproj", "{874B5420-5BD4-40DA-98A2-356D677BCF77}"
EndProject
Project("{9A19103F-16F7-4668-BE54-9A1E7A4F7556}") = "Data", "Data\Data.csproj", "{B1E896AB-2E46-49AB-AC2F-C66BA060B794}"
EndProject
Project("{9A19103F-16F7-4668-BE54-9A1E7A4F7556}") = "Models", "Models\Models.csproj", "{3E00DB4E-D12E-4EC9-B08C-0F1811D5A545}"
EndProject
Project("{FAE04EC0-301F-11D3-BF4B-00C04F79EFBC}") = "Testing", "Testing\Testing.csproj", "{880076A5-72A6-43D8-8150-FFBF34514D4B}"
EndProject
Global
	GlobalSection(SolutionConfigurationPlatforms) = preSolution
		Debug|Any CPU = Debug|Any CPU
		Release|Any CPU = Release|Any CPU
	EndGlobalSection
	GlobalSection(ProjectConfigurationPlatforms) = postSolution
		{5EFEE7FA-32AA-4795-9A22-2D60E3D402A9}.Debug|Any CPU.ActiveCfg = Debug|Any CPU
		{5EFEE7FA-32AA-4795-9A22-2D60E3D402A9}.Debug|Any CPU.Build.0 = Debug|Any CPU
		{5EFEE7FA-32AA-4795-9A22-2D60E3D402A9}.Release|Any CPU.ActiveCfg = Release|Any CPU
		{5EFEE7FA-32AA-4795-9A22-2D60E3D402A9}.Release|Any CPU.Build.0 = Release|Any CPU
		{874B5420-5BD4-40DA-98A2-356D677BCF77}.Debug|Any CPU.ActiveCfg = Debug|Any CPU
		{874B5420-5BD4-40DA-98A2-356D677BCF77}.Debug|Any CPU.Build.0 = Debug|Any CPU
		{874B5420-5BD4-40DA-98A2-356D677BCF77}.Release|Any CPU.ActiveCfg = Release|Any CPU
		{874B5420-5BD4-40DA-98A2-356D677BCF77}.Release|Any CPU.Build.0 = Release|Any CPU
		{B1E896AB-2E46-49AB-AC2F-C66BA060B794}.Debug|Any CPU.ActiveCfg = Debug|Any CPU
		{B1E896AB-2E46-49AB-AC2F-C66BA060B794}.Debug|Any CPU.Build.0 = Debug|Any CPU
		{B1E896AB-2E46-49AB-AC2F-C66BA060B794}.Release|Any CPU.ActiveCfg = Release|Any CPU
		{B1E896AB-2E46-49AB-AC2F-C66BA060B794}.Release|Any CPU.Build.0 = Release|Any CPU
		{3E00DB4E-D12E-4EC9-B08C-0F1811D5A545}.Debug|Any CPU.ActiveCfg = Debug|Any CPU
		{3E00DB4E-D12E-4EC9-B08C-0F1811D5A545}.Debug|Any CPU.Build.0 = Debug|Any CPU
		{3E00DB4E-D12E-4EC9-B08C-0F1811D5A545}.Release|Any CPU.ActiveCfg = Release|Any CPU
		{3E00DB4E-D12E-4EC9-B08C-0F1811D5A545}.Release|Any CPU.Build.0 = Release|Any CPU
		{880076A5-72A6-43D8-8150-FFBF34514D4B}.Debug|Any CPU.ActiveCfg = Debug|Any CPU
		{880076A5-72A6-43D8-8150-FFBF34514D4B}.Debug|Any CPU.Build.0 = Debug|Any CPU
		{880076A5-72A6-43D8-8150-FFBF34514D4B}.Release|Any CPU.ActiveCfg = Release|Any CPU
		{880076A5-72A6-43D8-8150-FFBF34514D4B}.Release|Any CPU.Build.0 = Release|Any CPU
	EndGlobalSection
	GlobalSection(SolutionProperties) = preSolution
		HideSolutionNode = FALSE
	EndGlobalSection
	GlobalSection(ExtensibilityGlobals) = postSolution
		SolutionGuid = {A8F4EB1A-5E9B-4FDA-BD44-668EC3976090}
	EndGlobalSection
EndGlobal
